
Microsoft Visual Studio Solution File, Format Version 12.00
# Visual Studio Version 16
VisualStudioVersion = 16.0.32106.194
MinimumVisualStudioVersion = 10.0.40219.1
Project("{9A19103F-16F7-4668-BE54-9A1E7A4F7556}") = "HT.Martian.Robots", "HT.Martian.Robots.csproj", "{6373D511-DFB4-43DE-AE64-E8B99F9D8AC5}"
EndProject
Project("{9A19103F-16F7-4668-BE54-9A1E7A4F7556}") = "HT.Martian.Robots.Core", "HT.Martian.Robots.Core\HT.Martian.Robots.Core.csproj", "{80A963B0-0825-4E65-B445-7EEA9B5ED02B}"
EndProject
Project("{9A19103F-16F7-4668-BE54-9A1E7A4F7556}") = "HT.Martian.Robots.xUnit", "HT.Martian.Robots.xUnit\HT.Martian.Robots.xUnit.csproj", "{D1B2E30B-5DA5-40A6-B051-19E81D448967}"
EndProject
Global
	GlobalSection(SolutionConfigurationPlatforms) = preSolution
		Debug|Any CPU = Debug|Any CPU
		Release|Any CPU = Release|Any CPU
	EndGlobalSection
	GlobalSection(ProjectConfigurationPlatforms) = postSolution
		{6373D511-DFB4-43DE-AE64-E8B99F9D8AC5}.Debug|Any CPU.ActiveCfg = Debug|Any CPU
		{6373D511-DFB4-43DE-AE64-E8B99F9D8AC5}.Debug|Any CPU.Build.0 = Debug|Any CPU
		{6373D511-DFB4-43DE-AE64-E8B99F9D8AC5}.Release|Any CPU.ActiveCfg = Release|Any CPU
		{6373D511-DFB4-43DE-AE64-E8B99F9D8AC5}.Release|Any CPU.Build.0 = Release|Any CPU
		{80A963B0-0825-4E65-B445-7EEA9B5ED02B}.Debug|Any CPU.ActiveCfg = Debug|Any CPU
		{80A963B0-0825-4E65-B445-7EEA9B5ED02B}.Debug|Any CPU.Build.0 = Debug|Any CPU
		{80A963B0-0825-4E65-B445-7EEA9B5ED02B}.Release|Any CPU.ActiveCfg = Release|Any CPU
		{80A963B0-0825-4E65-B445-7EEA9B5ED02B}.Release|Any CPU.Build.0 = Release|Any CPU
		{D1B2E30B-5DA5-40A6-B051-19E81D448967}.Debug|Any CPU.ActiveCfg = Debug|Any CPU
		{D1B2E30B-5DA5-40A6-B051-19E81D448967}.Debug|Any CPU.Build.0 = Debug|Any CPU
		{D1B2E30B-5DA5-40A6-B051-19E81D448967}.Release|Any CPU.ActiveCfg = Release|Any CPU
		{D1B2E30B-5DA5-40A6-B051-19E81D448967}.Release|Any CPU.Build.0 = Release|Any CPU
	EndGlobalSection
	GlobalSection(SolutionProperties) = preSolution
		HideSolutionNode = FALSE
	EndGlobalSection
	GlobalSection(ExtensibilityGlobals) = postSolution
		SolutionGuid = {BC94083A-FADC-43F5-95CF-363AEE5D4DAF}
	EndGlobalSection
EndGlobal
